
Microsoft Visual Studio Solution File, Format Version 12.00
# Visual Studio Version 16
VisualStudioVersion = 16.0.31729.503
MinimumVisualStudioVersion = 10.0.40219.1
Project("{FAE04EC0-301F-11D3-BF4B-00C04F79EFBC}") = "WindowsFormsApp4", "WindowsFormsApp4\WindowsFormsApp4.csproj", "{FFB603DD-5FE9-478C-8C78-E6EB70AEE604}"
EndProject
Global
	GlobalSection(SolutionConfigurationPlatforms) = preSolution
		Debug|Any CPU = Debug|Any CPU
		Release|Any CPU = Release|Any CPU
	EndGlobalSection
	GlobalSection(ProjectConfigurationPlatforms) = postSolution
		{FFB603DD-5FE9-478C-8C78-E6EB70AEE604}.Debug|Any CPU.ActiveCfg = Debug|Any CPU
		{FFB603DD-5FE9-478C-8C78-E6EB70AEE604}.Debug|Any CPU.Build.0 = Debug|Any CPU
		{FFB603DD-5FE9-478C-8C78-E6EB70AEE604}.Release|Any CPU.ActiveCfg = Release|Any CPU
		{FFB603DD-5FE9-478C-8C78-E6EB70AEE604}.Release|Any CPU.Build.0 = Release|Any CPU
	EndGlobalSection
	GlobalSection(SolutionProperties) = preSolution
		HideSolutionNode = FALSE
	EndGlobalSection
	GlobalSection(ExtensibilityGlobals) = postSolution
		SolutionGuid = {461DA688-78C4-46AF-AF10-DC4A8D406958}
	EndGlobalSection
EndGlobal
